// !$*UTF8*$!
{
	archiveVersion = 1;
	classes = {
	};
	objectVersion = 55;
	objects = {

/* Begin PBXBuildFile section */
		FB30A7B9271929FE00E72082 /* Question.swift in Sources */ = {isa = PBXBuildFile; fileRef = FB30A7B8271929FE00E72082 /* Question.swift */; };
		FB360ED427109B1B006DFE74 /* QuestionViewController.swift in Sources */ = {isa = PBXBuildFile; fileRef = FB360ED327109B1B006DFE74 /* QuestionViewController.swift */; };
		FB360ED627109B6B006DFE74 /* ResultsViewController.swift in Sources */ = {isa = PBXBuildFile; fileRef = FB360ED527109B6B006DFE74 /* ResultsViewController.swift */; };
		FBB9F17D27060359002D7E1B /* AppDelegate.swift in Sources */ = {isa = PBXBuildFile; fileRef = FBB9F17C27060359002D7E1B /* AppDelegate.swift */; };
		FBB9F17F27060359002D7E1B /* SceneDelegate.swift in Sources */ = {isa = PBXBuildFile; fileRef = FBB9F17E27060359002D7E1B /* SceneDelegate.swift */; };
		FBB9F18127060359002D7E1B /* IntroductionViewController.swift in Sources */ = {isa = PBXBuildFile; fileRef = FBB9F18027060359002D7E1B /* IntroductionViewController.swift */; };
		FBB9F18427060359002D7E1B /* Main.storyboard in Resources */ = {isa = PBXBuildFile; fileRef = FBB9F18227060359002D7E1B /* Main.storyboard */; };
		FBB9F1862706035B002D7E1B /* Assets.xcassets in Resources */ = {isa = PBXBuildFile; fileRef = FBB9F1852706035B002D7E1B /* Assets.xcassets */; };
		FBB9F1892706035B002D7E1B /* LaunchScreen.storyboard in Resources */ = {isa = PBXBuildFile; fileRef = FBB9F1872706035B002D7E1B /* LaunchScreen.storyboard */; };
		FBB9F1942706035B002D7E1B /* PersonalityQuizTests.swift in Sources */ = {isa = PBXBuildFile; fileRef = FBB9F1932706035B002D7E1B /* PersonalityQuizTests.swift */; };
		FBB9F19E2706035B002D7E1B /* PersonalityQuizUITests.swift in Sources */ = {isa = PBXBuildFile; fileRef = FBB9F19D2706035B002D7E1B /* PersonalityQuizUITests.swift */; };
		FBB9F1A02706035B002D7E1B /* PersonalityQuizUITestsLaunchTests.swift in Sources */ = {isa = PBXBuildFile; fileRef = FBB9F19F2706035B002D7E1B /* PersonalityQuizUITestsLaunchTests.swift */; };
/* End PBXBuildFile section */

/* Begin PBXContainerItemProxy section */
		FBB9F1902706035B002D7E1B /* PBXContainerItemProxy */ = {
			isa = PBXContainerItemProxy;
			containerPortal = FBB9F17127060359002D7E1B /* Project object */;
			proxyType = 1;
			remoteGlobalIDString = FBB9F17827060359002D7E1B;
			remoteInfo = PersonalityQuiz;
		};
		FBB9F19A2706035B002D7E1B /* PBXContainerItemProxy */ = {
			isa = PBXContainerItemProxy;
			containerPortal = FBB9F17127060359002D7E1B /* Project object */;
			proxyType = 1;
			remoteGlobalIDString = FBB9F17827060359002D7E1B;
			remoteInfo = PersonalityQuiz;
		};
/* End PBXContainerItemProxy section */

/* Begin PBXFileReference section */
		FB30A7B8271929FE00E72082 /* Question.swift */ = {isa = PBXFileReference; lastKnownFileType = sourcecode.swift; path = Question.swift; sourceTree = "<group>"; };
		FB360ED327109B1B006DFE74 /* QuestionViewController.swift */ = {isa = PBXFileReference; lastKnownFileType = sourcecode.swift; path = QuestionViewController.swift; sourceTree = "<group>"; };
		FB360ED527109B6B006DFE74 /* ResultsViewController.swift */ = {isa = PBXFileReference; lastKnownFileType = sourcecode.swift; path = ResultsViewController.swift; sourceTree = "<group>"; };
		FBB9F17927060359002D7E1B /* PersonalityQuiz.app */ = {isa = PBXFileReference; explicitFileType = wrapper.application; includeInIndex = 0; path = PersonalityQuiz.app; sourceTree = BUILT_PRODUCTS_DIR; };
		FBB9F17C27060359002D7E1B /* AppDelegate.swift */ = {isa = PBXFileReference; lastKnownFileType = sourcecode.swift; path = AppDelegate.swift; sourceTree = "<group>"; };
		FBB9F17E27060359002D7E1B /* SceneDelegate.swift */ = {isa = PBXFileReference; lastKnownFileType = sourcecode.swift; path = SceneDelegate.swift; sourceTree = "<group>"; };
		FBB9F18027060359002D7E1B /* IntroductionViewController.swift */ = {isa = PBXFileReference; lastKnownFileType = sourcecode.swift; path = IntroductionViewController.swift; sourceTree = "<group>"; };
		FBB9F18327060359002D7E1B /* Base */ = {isa = PBXFileReference; lastKnownFileType = file.storyboard; name = Base; path = Base.lproj/Main.storyboard; sourceTree = "<group>"; };
		FBB9F1852706035B002D7E1B /* Assets.xcassets */ = {isa = PBXFileReference; lastKnownFileType = folder.assetcatalog; path = Assets.xcassets; sourceTree = "<group>"; };
		FBB9F1882706035B002D7E1B /* Base */ = {isa = PBXFileReference; lastKnownFileType = file.storyboard; name = Base; path = Base.lproj/LaunchScreen.storyboard; sourceTree = "<group>"; };
		FBB9F18A2706035B002D7E1B /* Info.plist */ = {isa = PBXFileReference; lastKnownFileType = text.plist.xml; path = Info.plist; sourceTree = "<group>"; };
		FBB9F18F2706035B002D7E1B /* PersonalityQuizTests.xctest */ = {isa = PBXFileReference; explicitFileType = wrapper.cfbundle; includeInIndex = 0; path = PersonalityQuizTests.xctest; sourceTree = BUILT_PRODUCTS_DIR; };
		FBB9F1932706035B002D7E1B /* PersonalityQuizTests.swift */ = {isa = PBXFileReference; lastKnownFileType = sourcecode.swift; path = PersonalityQuizTests.swift; sourceTree = "<group>"; };
		FBB9F1992706035B002D7E1B /* PersonalityQuizUITests.xctest */ = {isa = PBXFileReference; explicitFileType = wrapper.cfbundle; includeInIndex = 0; path = PersonalityQuizUITests.xctest; sourceTree = BUILT_PRODUCTS_DIR; };
		FBB9F19D2706035B002D7E1B /* PersonalityQuizUITests.swift */ = {isa = PBXFileReference; lastKnownFileType = sourcecode.swift; path = PersonalityQuizUITests.swift; sourceTree = "<group>"; };
		FBB9F19F2706035B002D7E1B /* PersonalityQuizUITestsLaunchTests.swift */ = {isa = PBXFileReference; lastKnownFileType = sourcecode.swift; path = PersonalityQuizUITestsLaunchTests.swift; sourceTree = "<group>"; };
/* End PBXFileReference section */

/* Begin PBXFrameworksBuildPhase section */
		FBB9F17627060359002D7E1B /* Frameworks */ = {
			isa = PBXFrameworksBuildPhase;
			buildActionMask = 2147483647;
			files = (
			);
			runOnlyForDeploymentPostprocessing = 0;
		};
		FBB9F18C2706035B002D7E1B /* Frameworks */ = {
			isa = PBXFrameworksBuildPhase;
			buildActionMask = 2147483647;
			files = (
			);
			runOnlyForDeploymentPostprocessing = 0;
		};
		FBB9F1962706035B002D7E1B /* Frameworks */ = {
			isa = PBXFrameworksBuildPhase;
			buildActionMask = 2147483647;
			files = (
			);
			runOnlyForDeploymentPostprocessing = 0;
		};
/* End PBXFrameworksBuildPhase section */

/* Begin PBXGroup section */
		FBB9F17027060359002D7E1B = {
			isa = PBXGroup;
			children = (
				FBB9F17B27060359002D7E1B /* PersonalityQuiz */,
				FBB9F1922706035B002D7E1B /* PersonalityQuizTests */,
				FBB9F19C2706035B002D7E1B /* PersonalityQuizUITests */,
				FBB9F17A27060359002D7E1B /* Products */,
			);
			sourceTree = "<group>";
		};
		FBB9F17A27060359002D7E1B /* Products */ = {
			isa = PBXGroup;
			children = (
				FBB9F17927060359002D7E1B /* PersonalityQuiz.app */,
				FBB9F18F2706035B002D7E1B /* PersonalityQuizTests.xctest */,
				FBB9F1992706035B002D7E1B /* PersonalityQuizUITests.xctest */,
			);
			name = Products;
			sourceTree = "<group>";
		};
		FBB9F17B27060359002D7E1B /* PersonalityQuiz */ = {
			isa = PBXGroup;
			children = (
				FBB9F17C27060359002D7E1B /* AppDelegate.swift */,
				FBB9F17E27060359002D7E1B /* SceneDelegate.swift */,
				FBB9F18027060359002D7E1B /* IntroductionViewController.swift */,
				FBB9F18227060359002D7E1B /* Main.storyboard */,
				FB30A7B8271929FE00E72082 /* Question.swift */,
				FB360ED327109B1B006DFE74 /* QuestionViewController.swift */,
				FB360ED527109B6B006DFE74 /* ResultsViewController.swift */,
				FBB9F1852706035B002D7E1B /* Assets.xcassets */,
				FBB9F1872706035B002D7E1B /* LaunchScreen.storyboard */,
				FBB9F18A2706035B002D7E1B /* Info.plist */,
			);
			path = PersonalityQuiz;
			sourceTree = "<group>";
		};
		FBB9F1922706035B002D7E1B /* PersonalityQuizTests */ = {
			isa = PBXGroup;
			children = (
				FBB9F1932706035B002D7E1B /* PersonalityQuizTests.swift */,
			);
			path = PersonalityQuizTests;
			sourceTree = "<group>";
		};
		FBB9F19C2706035B002D7E1B /* PersonalityQuizUITests */ = {
			isa = PBXGroup;
			children = (
				FBB9F19D2706035B002D7E1B /* PersonalityQuizUITests.swift */,
				FBB9F19F2706035B002D7E1B /* PersonalityQuizUITestsLaunchTests.swift */,
			);
			path = PersonalityQuizUITests;
			sourceTree = "<group>";
		};
/* End PBXGroup section */

/* Begin PBXNativeTarget section */
		FBB9F17827060359002D7E1B /* PersonalityQuiz */ = {
			isa = PBXNativeTarget;
			buildConfigurationList = FBB9F1A32706035B002D7E1B /* Build configuration list for PBXNativeTarget "PersonalityQuiz" */;
			buildPhases = (
				FBB9F17527060359002D7E1B /* Sources */,
				FBB9F17627060359002D7E1B /* Frameworks */,
				FBB9F17727060359002D7E1B /* Resources */,
			);
			buildRules = (
			);
			dependencies = (
			);
			name = PersonalityQuiz;
			productName = PersonalityQuiz;
			productReference = FBB9F17927060359002D7E1B /* PersonalityQuiz.app */;
			productType = "com.apple.product-type.application";
		};
		FBB9F18E2706035B002D7E1B /* PersonalityQuizTests */ = {
			isa = PBXNativeTarget;
			buildConfigurationList = FBB9F1A62706035B002D7E1B /* Build configuration list for PBXNativeTarget "PersonalityQuizTests" */;
			buildPhases = (
				FBB9F18B2706035B002D7E1B /* Sources */,
				FBB9F18C2706035B002D7E1B /* Frameworks */,
				FBB9F18D2706035B002D7E1B /* Resources */,
			);
			buildRules = (
			);
			dependencies = (
				FBB9F1912706035B002D7E1B /* PBXTargetDependency */,
			);
			name = PersonalityQuizTests;
			productName = PersonalityQuizTests;
			productReference = FBB9F18F2706035B002D7E1B /* PersonalityQuizTests.xctest */;
			productType = "com.apple.product-type.bundle.unit-test";
		};
		FBB9F1982706035B002D7E1B /* PersonalityQuizUITests */ = {
			isa = PBXNativeTarget;
			buildConfigurationList = FBB9F1A92706035B002D7E1B /* Build configuration list for PBXNativeTarget "PersonalityQuizUITests" */;
			buildPhases = (
				FBB9F1952706035B002D7E1B /* Sources */,
				FBB9F1962706035B002D7E1B /* Frameworks */,
				FBB9F1972706035B002D7E1B /* Resources */,
			);
			buildRules = (
			);
			dependencies = (
				FBB9F19B2706035B002D7E1B /* PBXTargetDependency */,
			);
			name = PersonalityQuizUITests;
			productName = PersonalityQuizUITests;
			productReference = FBB9F1992706035B002D7E1B /* PersonalityQuizUITests.xctest */;
			productType = "com.apple.product-type.bundle.ui-testing";
		};
/* End PBXNativeTarget section */

/* Begin PBXProject section */
		FBB9F17127060359002D7E1B /* Project object */ = {
			isa = PBXProject;
			attributes = {
				BuildIndependentTargetsInParallel = 1;
				LastSwiftUpdateCheck = 1300;
				LastUpgradeCheck = 1300;
				TargetAttributes = {
					FBB9F17827060359002D7E1B = {
						CreatedOnToolsVersion = 13.0;
					};
					FBB9F18E2706035B002D7E1B = {
						CreatedOnToolsVersion = 13.0;
						TestTargetID = FBB9F17827060359002D7E1B;
					};
					FBB9F1982706035B002D7E1B = {
						CreatedOnToolsVersion = 13.0;
						TestTargetID = FBB9F17827060359002D7E1B;
					};
				};
			};
			buildConfigurationList = FBB9F17427060359002D7E1B /* Build configuration list for PBXProject "PersonalityQuiz" */;
			compatibilityVersion = "Xcode 13.0";
			developmentRegion = en;
			hasScannedForEncodings = 0;
			knownRegions = (
				en,
				Base,
			);
			mainGroup = FBB9F17027060359002D7E1B;
			productRefGroup = FBB9F17A27060359002D7E1B /* Products */;
			projectDirPath = "";
			projectRoot = "";
			targets = (
				FBB9F17827060359002D7E1B /* PersonalityQuiz */,
				FBB9F18E2706035B002D7E1B /* PersonalityQuizTests */,
				FBB9F1982706035B002D7E1B /* PersonalityQuizUITests */,
			);
		};
/* End PBXProject section */

/* Begin PBXResourcesBuildPhase section */
		FBB9F17727060359002D7E1B /* Resources */ = {
			isa = PBXResourcesBuildPhase;
			buildActionMask = 2147483647;
			files = (
				FBB9F1892706035B002D7E1B /* LaunchScreen.storyboard in Resources */,
				FBB9F1862706035B002D7E1B /* Assets.xcassets in Resources */,
				FBB9F18427060359002D7E1B /* Main.storyboard in Resources */,
			);
			runOnlyForDeploymentPostprocessing = 0;
		};
		FBB9F18D2706035B002D7E1B /* Resources */ = {
			isa = PBXResourcesBuildPhase;
			buildActionMask = 2147483647;
			files = (
			);
			runOnlyForDeploymentPostprocessing = 0;
		};
		FBB9F1972706035B002D7E1B /* Resources */ = {
			isa = PBXResourcesBuildPhase;
			buildActionMask = 2147483647;
			files = (
			);
			runOnlyForDeploymentPostprocessing = 0;
		};
/* End PBXResourcesBuildPhase section */

/* Begin PBXSourcesBuildPhase section */
		FBB9F17527060359002D7E1B /* Sources */ = {
			isa = PBXSourcesBuildPhase;
			buildActionMask = 2147483647;
			files = (
				FBB9F18127060359002D7E1B /* IntroductionViewController.swift in Sources */,
				FBB9F17D27060359002D7E1B /* AppDelegate.swift in Sources */,
				FB360ED427109B1B006DFE74 /* QuestionViewController.swift in Sources */,
				FB30A7B9271929FE00E72082 /* Question.swift in Sources */,
				FB360ED627109B6B006DFE74 /* ResultsViewController.swift in Sources */,
				FBB9F17F27060359002D7E1B /* SceneDelegate.swift in Sources */,
			);
			runOnlyForDeploymentPostprocessing = 0;
		};
		FBB9F18B2706035B002D7E1B /* Sources */ = {
			isa = PBXSourcesBuildPhase;
			buildActionMask = 2147483647;
			files = (
				FBB9F1942706035B002D7E1B /* PersonalityQuizTests.swift in Sources */,
			);
			runOnlyForDeploymentPostprocessing = 0;
		};
		FBB9F1952706035B002D7E1B /* Sources */ = {
			isa = PBXSourcesBuildPhase;
			buildActionMask = 2147483647;
			files = (
				FBB9F1A02706035B002D7E1B /* PersonalityQuizUITestsLaunchTests.swift in Sources */,
				FBB9F19E2706035B002D7E1B /* PersonalityQuizUITests.swift in Sources */,
			);
			runOnlyForDeploymentPostprocessing = 0;
		};
/* End PBXSourcesBuildPhase section */

/* Begin PBXTargetDependency section */
		FBB9F1912706035B002D7E1B /* PBXTargetDependency */ = {
			isa = PBXTargetDependency;
			target = FBB9F17827060359002D7E1B /* PersonalityQuiz */;
			targetProxy = FBB9F1902706035B002D7E1B /* PBXContainerItemProxy */;
		};
		FBB9F19B2706035B002D7E1B /* PBXTargetDependency */ = {
			isa = PBXTargetDependency;
			target = FBB9F17827060359002D7E1B /* PersonalityQuiz */;
			targetProxy = FBB9F19A2706035B002D7E1B /* PBXContainerItemProxy */;
		};
/* End PBXTargetDependency section */

/* Begin PBXVariantGroup section */
		FBB9F18227060359002D7E1B /* Main.storyboard */ = {
			isa = PBXVariantGroup;
			children = (
				FBB9F18327060359002D7E1B /* Base */,
			);
			name = Main.storyboard;
			sourceTree = "<group>";
		};
		FBB9F1872706035B002D7E1B /* LaunchScreen.storyboard */ = {
			isa = PBXVariantGroup;
			children = (
				FBB9F1882706035B002D7E1B /* Base */,
			);
			name = LaunchScreen.storyboard;
			sourceTree = "<group>";
		};
/* End PBXVariantGroup section */

/* Begin XCBuildConfiguration section */
		FBB9F1A12706035B002D7E1B /* Debug */ = {
			isa = XCBuildConfiguration;
			buildSettings = {
				ALWAYS_SEARCH_USER_PATHS = NO;
				CLANG_ANALYZER_NONNULL = YES;
				CLANG_ANALYZER_NUMBER_OBJECT_CONVERSION = YES_AGGRESSIVE;
				CLANG_CXX_LANGUAGE_STANDARD = "gnu++17";
				CLANG_CXX_LIBRARY = "libc++";
				CLANG_ENABLE_MODULES = YES;
				CLANG_ENABLE_OBJC_ARC = YES;
				CLANG_ENABLE_OBJC_WEAK = YES;
				CLANG_WARN_BLOCK_CAPTURE_AUTORELEASING = YES;
				CLANG_WARN_BOOL_CONVERSION = YES;
				CLANG_WARN_COMMA = YES;
				CLANG_WARN_CONSTANT_CONVERSION = YES;
				CLANG_WARN_DEPRECATED_OBJC_IMPLEMENTATIONS = YES;
				CLANG_WARN_DIRECT_OBJC_ISA_USAGE = YES_ERROR;
				CLANG_WARN_DOCUMENTATION_COMMENTS = YES;
				CLANG_WARN_EMPTY_BODY = YES;
				CLANG_WARN_ENUM_CONVERSION = YES;
				CLANG_WARN_INFINITE_RECURSION = YES;
				CLANG_WARN_INT_CONVERSION = YES;
				CLANG_WARN_NON_LITERAL_NULL_CONVERSION = YES;
				CLANG_WARN_OBJC_IMPLICIT_RETAIN_SELF = YES;
				CLANG_WARN_OBJC_LITERAL_CONVERSION = YES;
				CLANG_WARN_OBJC_ROOT_CLASS = YES_ERROR;
				CLANG_WARN_QUOTED_INCLUDE_IN_FRAMEWORK_HEADER = YES;
				CLANG_WARN_RANGE_LOOP_ANALYSIS = YES;
				CLANG_WARN_STRICT_PROTOTYPES = YES;
				CLANG_WARN_SUSPICIOUS_MOVE = YES;
				CLANG_WARN_UNGUARDED_AVAILABILITY = YES_AGGRESSIVE;
				CLANG_WARN_UNREACHABLE_CODE = YES;
				CLANG_WARN__DUPLICATE_METHOD_MATCH = YES;
				COPY_PHASE_STRIP = NO;
				DEBUG_INFORMATION_FORMAT = dwarf;
				ENABLE_STRICT_OBJC_MSGSEND = YES;
				ENABLE_TESTABILITY = YES;
				GCC_C_LANGUAGE_STANDARD = gnu11;
				GCC_DYNAMIC_NO_PIC = NO;
				GCC_NO_COMMON_BLOCKS = YES;
				GCC_OPTIMIZATION_LEVEL = 0;
				GCC_PREPROCESSOR_DEFINITIONS = (
					"DEBUG=1",
					"$(inherited)",
				);
				GCC_WARN_64_TO_32_BIT_CONVERSION = YES;
				GCC_WARN_ABOUT_RETURN_TYPE = YES_ERROR;
				GCC_WARN_UNDECLARED_SELECTOR = YES;
				GCC_WARN_UNINITIALIZED_AUTOS = YES_AGGRESSIVE;
				GCC_WARN_UNUSED_FUNCTION = YES;
				GCC_WARN_UNUSED_VARIABLE = YES;
				IPHONEOS_DEPLOYMENT_TARGET = 15.0;
				MTL_ENABLE_DEBUG_INFO = INCLUDE_SOURCE;
				MTL_FAST_MATH = YES;
				ONLY_ACTIVE_ARCH = YES;
				SDKROOT = iphoneos;
				SWIFT_ACTIVE_COMPILATION_CONDITIONS = DEBUG;
				SWIFT_OPTIMIZATION_LEVEL = "-Onone";
			};
			name = Debug;
		};
		FBB9F1A22706035B002D7E1B /* Release */ = {
			isa = XCBuildConfiguration;
			buildSettings = {
				ALWAYS_SEARCH_USER_PATHS = NO;
				CLANG_ANALYZER_NONNULL = YES;
				CLANG_ANALYZER_NUMBER_OBJECT_CONVERSION = YES_AGGRESSIVE;
				CLANG_CXX_LANGUAGE_STANDARD = "gnu++17";
				CLANG_CXX_LIBRARY = "libc++";
				CLANG_ENABLE_MODULES = YES;
				CLANG_ENABLE_OBJC_ARC = YES;
				CLANG_ENABLE_OBJC_WEAK = YES;
				CLANG_WARN_BLOCK_CAPTURE_AUTORELEASING = YES;
				CLANG_WARN_BOOL_CONVERSION = YES;
				CLANG_WARN_COMMA = YES;
				CLANG_WARN_CONSTANT_CONVERSION = YES;
				CLANG_WARN_DEPRECATED_OBJC_IMPLEMENTATIONS = YES;
				CLANG_WARN_DIRECT_OBJC_ISA_USAGE = YES_ERROR;
				CLANG_WARN_DOCUMENTATION_COMMENTS = YES;
				CLANG_WARN_EMPTY_BODY = YES;
				CLANG_WARN_ENUM_CONVERSION = YES;
				CLANG_WARN_INFINITE_RECURSION = YES;
				CLANG_WARN_INT_CONVERSION = YES;
				CLANG_WARN_NON_LITERAL_NULL_CONVERSION = YES;
				CLANG_WARN_OBJC_IMPLICIT_RETAIN_SELF = YES;
				CLANG_WARN_OBJC_LITERAL_CONVERSION = YES;
				CLANG_WARN_OBJC_ROOT_CLASS = YES_ERROR;
				CLANG_WARN_QUOTED_INCLUDE_IN_FRAMEWORK_HEADER = YES;
				CLANG_WARN_RANGE_LOOP_ANALYSIS = YES;
				CLANG_WARN_STRICT_PROTOTYPES = YES;
				CLANG_WARN_SUSPICIOUS_MOVE = YES;
				CLANG_WARN_UNGUARDED_AVAILABILITY = YES_AGGRESSIVE;
				CLANG_WARN_UNREACHABLE_CODE = YES;
				CLANG_WARN__DUPLICATE_METHOD_MATCH = YES;
				COPY_PHASE_STRIP = NO;
				DEBUG_INFORMATION_FORMAT = "dwarf-with-dsym";
				ENABLE_NS_ASSERTIONS = NO;
				ENABLE_STRICT_OBJC_MSGSEND = YES;
				GCC_C_LANGUAGE_STANDARD = gnu11;
				GCC_NO_COMMON_BLOCKS = YES;
				GCC_WARN_64_TO_32_BIT_CONVERSION = YES;
				GCC_WARN_ABOUT_RETURN_TYPE = YES_ERROR;
				GCC_WARN_UNDECLARED_SELECTOR = YES;
				GCC_WARN_UNINITIALIZED_AUTOS = YES_AGGRESSIVE;
				GCC_WARN_UNUSED_FUNCTION = YES;
				GCC_WARN_UNUSED_VARIABLE = YES;
				IPHONEOS_DEPLOYMENT_TARGET = 15.0;
				MTL_ENABLE_DEBUG_INFO = NO;
				MTL_FAST_MATH = YES;
				SDKROOT = iphoneos;
				SWIFT_COMPILATION_MODE = wholemodule;
				SWIFT_OPTIMIZATION_LEVEL = "-O";
				VALIDATE_PRODUCT = YES;
			};
			name = Release;
		};
		FBB9F1A42706035B002D7E1B /* Debug */ = {
			isa = XCBuildConfiguration;
			buildSettings = {
				ASSETCATALOG_COMPILER_APPICON_NAME = AppIcon;
				ASSETCATALOG_COMPILER_GLOBAL_ACCENT_COLOR_NAME = AccentColor;
				CODE_SIGN_STYLE = Automatic;
				CURRENT_PROJECT_VERSION = 1;
				DEVELOPMENT_TEAM = X2UM5Y676M;
				GENERATE_INFOPLIST_FILE = YES;
				INFOPLIST_FILE = PersonalityQuiz/Info.plist;
				INFOPLIST_KEY_UIApplicationSupportsIndirectInputEvents = YES;
				INFOPLIST_KEY_UILaunchStoryboardName = LaunchScreen;
				INFOPLIST_KEY_UIMainStoryboardFile = Main;
				INFOPLIST_KEY_UISupportedInterfaceOrientations_iPad = "UIInterfaceOrientationPortrait UIInterfaceOrientationPortraitUpsideDown UIInterfaceOrientationLandscapeLeft UIInterfaceOrientationLandscapeRight";
				INFOPLIST_KEY_UISupportedInterfaceOrientations_iPhone = "UIInterfaceOrientationPortrait UIInterfaceOrientationLandscapeLeft UIInterfaceOrientationLandscapeRight";
				LD_RUNPATH_SEARCH_PATHS = (
					"$(inherited)",
					"@executable_path/Frameworks",
				);
				MARKETING_VERSION = 1.0;
				PRODUCT_BUNDLE_IDENTIFIER = mtec.PersonalityQuiz;
				PRODUCT_NAME = "$(TARGET_NAME)";
				SWIFT_EMIT_LOC_STRINGS = YES;
				SWIFT_VERSION = 5.0;
				TARGETED_DEVICE_FAMILY = "1,2";
			};
			name = Debug;
		};
		FBB9F1A52706035B002D7E1B /* Release */ = {
			isa = XCBuildConfiguration;
			buildSettings = {
				ASSETCATALOG_COMPILER_APPICON_NAME = AppIcon;
				ASSETCATALOG_COMPILER_GLOBAL_ACCENT_COLOR_NAME = AccentColor;
				CODE_SIGN_STYLE = Automatic;
				CURRENT_PROJECT_VERSION = 1;
				DEVELOPMENT_TEAM = X2UM5Y676M;
				GENERATE_INFOPLIST_FILE = YES;
				INFOPLIST_FILE = PersonalityQuiz/Info.plist;
				INFOPLIST_KEY_UIApplicationSupportsIndirectInputEvents = YES;
				INFOPLIST_KEY_UILaunchStoryboardName = LaunchScreen;
				INFOPLIST_KEY_UIMainStoryboardFile = Main;
				INFOPLIST_KEY_UISupportedInterfaceOrientations_iPad = "UIInterfaceOrientationPortrait UIInterfaceOrientationPortraitUpsideDown UIInterfaceOrientationLandscapeLeft UIInterfaceOrientationLandscapeRight";
				INFOPLIST_KEY_UISupportedInterfaceOrientations_iPhone = "UIInterfaceOrientationPortrait UIInterfaceOrientationLandscapeLeft UIInterfaceOrientationLandscapeRight";
				LD_RUNPATH_SEARCH_PATHS = (
					"$(inherited)",
					"@executable_path/Frameworks",
				);
				MARKETING_VERSION = 1.0;
				PRODUCT_BUNDLE_IDENTIFIER = mtec.PersonalityQuiz;
				PRODUCT_NAME = "$(TARGET_NAME)";
				SWIFT_EMIT_LOC_STRINGS = YES;
				SWIFT_VERSION = 5.0;
				TARGETED_DEVICE_FAMILY = "1,2";
			};
			name = Release;
		};
		FBB9F1A72706035B002D7E1B /* Debug */ = {
			isa = XCBuildConfiguration;
			buildSettings = {
				ALWAYS_EMBED_SWIFT_STANDARD_LIBRARIES = YES;
				BUNDLE_LOADER = "$(TEST_HOST)";
				CODE_SIGN_STYLE = Automatic;
				CURRENT_PROJECT_VERSION = 1;
				DEVELOPMENT_TEAM = X2UM5Y676M;
				GENERATE_INFOPLIST_FILE = YES;
				IPHONEOS_DEPLOYMENT_TARGET = 15.0;
				LD_RUNPATH_SEARCH_PATHS = (
					"$(inherited)",
					"@executable_path/Frameworks",
					"@loader_path/Frameworks",
				);
				MARKETING_VERSION = 1.0;
				PRODUCT_BUNDLE_IDENTIFIER = mtec.PersonalityQuizTests;
				PRODUCT_NAME = "$(TARGET_NAME)";
				SWIFT_EMIT_LOC_STRINGS = NO;
				SWIFT_VERSION = 5.0;
				TARGETED_DEVICE_FAMILY = "1,2";
				TEST_HOST = "$(BUILT_PRODUCTS_DIR)/PersonalityQuiz.app/PersonalityQuiz";
			};
			name = Debug;
		};
		FBB9F1A82706035B002D7E1B /* Release */ = {
			isa = XCBuildConfiguration;
			buildSettings = {
				ALWAYS_EMBED_SWIFT_STANDARD_LIBRARIES = YES;
				BUNDLE_LOADER = "$(TEST_HOST)";
				CODE_SIGN_STYLE = Automatic;
				CURRENT_PROJECT_VERSION = 1;
				DEVELOPMENT_TEAM = X2UM5Y676M;
				GENERATE_INFOPLIST_FILE = YES;
				IPHONEOS_DEPLOYMENT_TARGET = 15.0;
				LD_RUNPATH_SEARCH_PATHS = (
					"$(inherited)",
					"@executable_path/Frameworks",
					"@loader_path/Frameworks",
				);
				MARKETING_VERSION = 1.0;
				PRODUCT_BUNDLE_IDENTIFIER = mtec.PersonalityQuizTests;
				PRODUCT_NAME = "$(TARGET_NAME)";
				SWIFT_EMIT_LOC_STRINGS = NO;
				SWIFT_VERSION = 5.0;
				TARGETED_DEVICE_FAMILY = "1,2";
				TEST_HOST = "$(BUILT_PRODUCTS_DIR)/PersonalityQuiz.app/PersonalityQuiz";
			};
			name = Release;
		};
		FBB9F1AA2706035B002D7E1B /* Debug */ = {
			isa = XCBuildConfiguration;
			buildSettings = {
				ALWAYS_EMBED_SWIFT_STANDARD_LIBRARIES = YES;
				CODE_SIGN_STYLE = Automatic;
				CURRENT_PROJECT_VERSION = 1;
				DEVELOPMENT_TEAM = X2UM5Y676M;
				GENERATE_INFOPLIST_FILE = YES;
				LD_RUNPATH_SEARCH_PATHS = (
					"$(inherited)",
					"@executable_path/Frameworks",
					"@loader_path/Frameworks",
				);
				MARKETING_VERSION = 1.0;
				PRODUCT_BUNDLE_IDENTIFIER = mtec.PersonalityQuizUITests;
				PRODUCT_NAME = "$(TARGET_NAME)";
				SWIFT_EMIT_LOC_STRINGS = NO;
				SWIFT_VERSION = 5.0;
				TARGETED_DEVICE_FAMILY = "1,2";
				TEST_TARGET_NAME = PersonalityQuiz;
			};
			name = Debug;
		};
		FBB9F1AB2706035B002D7E1B /* Release */ = {
			isa = XCBuildConfiguration;
			buildSettings = {
				ALWAYS_EMBED_SWIFT_STANDARD_LIBRARIES = YES;
				CODE_SIGN_STYLE = Automatic;
				CURRENT_PROJECT_VERSION = 1;
				DEVELOPMENT_TEAM = X2UM5Y676M;
				GENERATE_INFOPLIST_FILE = YES;
				LD_RUNPATH_SEARCH_PATHS = (
					"$(inherited)",
					"@executable_path/Frameworks",
					"@loader_path/Frameworks",
				);
				MARKETING_VERSION = 1.0;
				PRODUCT_BUNDLE_IDENTIFIER = mtec.PersonalityQuizUITests;
				PRODUCT_NAME = "$(TARGET_NAME)";
				SWIFT_EMIT_LOC_STRINGS = NO;
				SWIFT_VERSION = 5.0;
				TARGETED_DEVICE_FAMILY = "1,2";
				TEST_TARGET_NAME = PersonalityQuiz;
			};
			name = Release;
		};
/* End XCBuildConfiguration section */

/* Begin XCConfigurationList section */
		FBB9F17427060359002D7E1B /* Build configuration list for PBXProject "PersonalityQuiz" */ = {
			isa = XCConfigurationList;
			buildConfigurations = (
				FBB9F1A12706035B002D7E1B /* Debug */,
				FBB9F1A22706035B002D7E1B /* Release */,
			);
			defaultConfigurationIsVisible = 0;
			defaultConfigurationName = Release;
		};
		FBB9F1A32706035B002D7E1B /* Build configuration list for PBXNativeTarget "PersonalityQuiz" */ = {
			isa = XCConfigurationList;
			buildConfigurations = (
				FBB9F1A42706035B002D7E1B /* Debug */,
				FBB9F1A52706035B002D7E1B /* Release */,
			);
			defaultConfigurationIsVisible = 0;
			defaultConfigurationName = Release;
		};
		FBB9F1A62706035B002D7E1B /* Build configuration list for PBXNativeTarget "PersonalityQuizTests" */ = {
			isa = XCConfigurationList;
			buildConfigurations = (
				FBB9F1A72706035B002D7E1B /* Debug */,
				FBB9F1A82706035B002D7E1B /* Release */,
			);
			defaultConfigurationIsVisible = 0;
			defaultConfigurationName = Release;
		};
		FBB9F1A92706035B002D7E1B /* Build configuration list for PBXNativeTarget "PersonalityQuizUITests" */ = {
			isa = XCConfigurationList;
			buildConfigurations = (
				FBB9F1AA2706035B002D7E1B /* Debug */,
				FBB9F1AB2706035B002D7E1B /* Release */,
			);
			defaultConfigurationIsVisible = 0;
			defaultConfigurationName = Release;
		};
/* End XCConfigurationList section */
	};
	rootObject = FBB9F17127060359002D7E1B /* Project object */;
}
